
Microsoft Visual Studio Solution File, Format Version 12.00
# Visual Studio Version 18
VisualStudioVersion = 18.3.11206.111
MinimumVisualStudioVersion = 10.0.40219.1
Project("{FAE04EC0-301F-11D3-BF4B-00C04F79EFBC}") = "ManualPELoader", "ManualPELoader\ManualPELoader.csproj", "{46996111-C51E-45CC-8E89-2A703DBB1805}"
EndProject
Project("{8BC9CEB8-8B4A-11D0-8D11-00A0C91BC942}") = "Loader", "Loader\Loader.vcxproj", "{7B606582-8813-470A-9FB6-A2194CDFDA2F}"
EndProject
Project("{FAE04EC0-301F-11D3-BF4B-00C04F79EFBC}") = "ExtractSection", "ExtractSection\ExtractSection.csproj", "{578CA7D1-F641-44BF-A432-D59CE0427075}"
EndProject
Global
	GlobalSection(SolutionConfigurationPlatforms) = preSolution
		Debug|Any CPU = Debug|Any CPU
		Debug|x64 = Debug|x64
		Debug|x86 = Debug|x86
		Release|Any CPU = Release|Any CPU
		Release|x64 = Release|x64
		Release|x86 = Release|x86
	EndGlobalSection
	GlobalSection(ProjectConfigurationPlatforms) = postSolution
		{46996111-C51E-45CC-8E89-2A703DBB1805}.Debug|Any CPU.ActiveCfg = Debug|Any CPU
		{46996111-C51E-45CC-8E89-2A703DBB1805}.Debug|Any CPU.Build.0 = Debug|Any CPU
		{46996111-C51E-45CC-8E89-2A703DBB1805}.Debug|x64.ActiveCfg = Debug|Any CPU
		{46996111-C51E-45CC-8E89-2A703DBB1805}.Debug|x64.Build.0 = Debug|Any CPU
		{46996111-C51E-45CC-8E89-2A703DBB1805}.Debug|x86.ActiveCfg = Debug|Any CPU
		{46996111-C51E-45CC-8E89-2A703DBB1805}.Debug|x86.Build.0 = Debug|Any CPU
		{46996111-C51E-45CC-8E89-2A703DBB1805}.Release|Any CPU.ActiveCfg = Release|Any CPU
		{46996111-C51E-45CC-8E89-2A703DBB1805}.Release|Any CPU.Build.0 = Release|Any CPU
		{46996111-C51E-45CC-8E89-2A703DBB1805}.Release|x64.ActiveCfg = Release|Any CPU
		{46996111-C51E-45CC-8E89-2A703DBB1805}.Release|x64.Build.0 = Release|Any CPU
		{46996111-C51E-45CC-8E89-2A703DBB1805}.Release|x86.ActiveCfg = Release|Any CPU
		{46996111-C51E-45CC-8E89-2A703DBB1805}.Release|x86.Build.0 = Release|Any CPU
		{7B606582-8813-470A-9FB6-A2194CDFDA2F}.Debug|Any CPU.ActiveCfg = Debug|x64
		{7B606582-8813-470A-9FB6-A2194CDFDA2F}.Debug|Any CPU.Build.0 = Debug|x64
		{7B606582-8813-470A-9FB6-A2194CDFDA2F}.Debug|x64.ActiveCfg = Debug|x64
		{7B606582-8813-470A-9FB6-A2194CDFDA2F}.Debug|x64.Build.0 = Debug|x64
		{7B606582-8813-470A-9FB6-A2194CDFDA2F}.Debug|x86.ActiveCfg = Debug|Win32
		{7B606582-8813-470A-9FB6-A2194CDFDA2F}.Debug|x86.Build.0 = Debug|Win32
		{7B606582-8813-470A-9FB6-A2194CDFDA2F}.Release|Any CPU.ActiveCfg = Release|x64
		{7B606582-8813-470A-9FB6-A2194CDFDA2F}.Release|Any CPU.Build.0 = Release|x64
		{7B606582-8813-470A-9FB6-A2194CDFDA2F}.Release|x64.ActiveCfg = Release|x64
		{7B606582-8813-470A-9FB6-A2194CDFDA2F}.Release|x64.Build.0 = Release|x64
		{7B606582-8813-470A-9FB6-A2194CDFDA2F}.Release|x86.ActiveCfg = Release|Win32
		{7B606582-8813-470A-9FB6-A2194CDFDA2F}.Release|x86.Build.0 = Release|Win32
		{578CA7D1-F641-44BF-A432-D59CE0427075}.Debug|Any CPU.ActiveCfg = Debug|Any CPU
		{578CA7D1-F641-44BF-A432-D59CE0427075}.Debug|Any CPU.Build.0 = Debug|Any CPU
		{578CA7D1-F641-44BF-A432-D59CE0427075}.Debug|x64.ActiveCfg = Debug|Any CPU
		{578CA7D1-F641-44BF-A432-D59CE0427075}.Debug|x64.Build.0 = Debug|Any CPU
		{578CA7D1-F641-44BF-A432-D59CE0427075}.Debug|x86.ActiveCfg = Debug|Any CPU
		{578CA7D1-F641-44BF-A432-D59CE0427075}.Debug|x86.Build.0 = Debug|Any CPU
		{578CA7D1-F641-44BF-A432-D59CE0427075}.Release|Any CPU.ActiveCfg = Release|Any CPU
		{578CA7D1-F641-44BF-A432-D59CE0427075}.Release|Any CPU.Build.0 = Release|Any CPU
		{578CA7D1-F641-44BF-A432-D59CE0427075}.Release|x64.ActiveCfg = Release|Any CPU
		{578CA7D1-F641-44BF-A432-D59CE0427075}.Release|x64.Build.0 = Release|Any CPU
		{578CA7D1-F641-44BF-A432-D59CE0427075}.Release|x86.ActiveCfg = Release|Any CPU
		{578CA7D1-F641-44BF-A432-D59CE0427075}.Release|x86.Build.0 = Release|Any CPU
	EndGlobalSection
	GlobalSection(SolutionProperties) = preSolution
		HideSolutionNode = FALSE
	EndGlobalSection
	GlobalSection(ExtensibilityGlobals) = postSolution
		SolutionGuid = {C51AC262-8E51-4C55-9E55-E7380768A99F}
	EndGlobalSection
EndGlobal
